
Microsoft Visual Studio Solution File, Format Version 12.00
# Visual Studio Version 17
VisualStudioVersion = 17.10.35027.167
MinimumVisualStudioVersion = 10.0.40219.1
Project("{FAE04EC0-301F-11D3-BF4B-00C04F79EFBC}") = "ActividadN1", "ActividadN1.csproj", "{9776B0B3-DFC4-44AD-844E-5DB233B8D479}"
EndProject
Global
	GlobalSection(SolutionConfigurationPlatforms) = preSolution
		Debug|Any CPU = Debug|Any CPU
		Release|Any CPU = Release|Any CPU
	EndGlobalSection
	GlobalSection(ProjectConfigurationPlatforms) = postSolution
		{9776B0B3-DFC4-44AD-844E-5DB233B8D479}.Debug|Any CPU.ActiveCfg = Debug|Any CPU
		{9776B0B3-DFC4-44AD-844E-5DB233B8D479}.Debug|Any CPU.Build.0 = Debug|Any CPU
		{9776B0B3-DFC4-44AD-844E-5DB233B8D479}.Release|Any CPU.ActiveCfg = Release|Any CPU
		{9776B0B3-DFC4-44AD-844E-5DB233B8D479}.Release|Any CPU.Build.0 = Release|Any CPU
	EndGlobalSection
	GlobalSection(SolutionProperties) = preSolution
		HideSolutionNode = FALSE
	EndGlobalSection
	GlobalSection(ExtensibilityGlobals) = postSolution
		SolutionGuid = {01AD7F39-C3BA-4459-A07C-9D5FC07E160B}
	EndGlobalSection
EndGlobal
