
Microsoft Visual Studio Solution File, Format Version 12.00
# Visual Studio Version 17
VisualStudioVersion = 17.10.35027.167
MinimumVisualStudioVersion = 10.0.40219.1
Project("{FAE04EC0-301F-11D3-BF4B-00C04F79EFBC}") = "ejercicio1", "ejercicio1\ejercicio1.csproj", "{343F1426-A305-4EC4-A6B9-E40C8F81C293}"
EndProject
Project("{FAE04EC0-301F-11D3-BF4B-00C04F79EFBC}") = "ejercicio2", "ejercicio2\ejercicio2.csproj", "{24BDB6C5-5F6E-49C5-B877-CDDFDD2996B1}"
EndProject
Project("{FAE04EC0-301F-11D3-BF4B-00C04F79EFBC}") = "ejercicio3", "ejercicio3\ejercicio3.csproj", "{AD2528DA-4659-4D24-AEA7-0243020149B1}"
EndProject
Global
	GlobalSection(SolutionConfigurationPlatforms) = preSolution
		Debug|Any CPU = Debug|Any CPU
		Release|Any CPU = Release|Any CPU
	EndGlobalSection
	GlobalSection(ProjectConfigurationPlatforms) = postSolution
		{343F1426-A305-4EC4-A6B9-E40C8F81C293}.Debug|Any CPU.ActiveCfg = Debug|Any CPU
		{343F1426-A305-4EC4-A6B9-E40C8F81C293}.Debug|Any CPU.Build.0 = Debug|Any CPU
		{343F1426-A305-4EC4-A6B9-E40C8F81C293}.Release|Any CPU.ActiveCfg = Release|Any CPU
		{343F1426-A305-4EC4-A6B9-E40C8F81C293}.Release|Any CPU.Build.0 = Release|Any CPU
		{24BDB6C5-5F6E-49C5-B877-CDDFDD2996B1}.Debug|Any CPU.ActiveCfg = Debug|Any CPU
		{24BDB6C5-5F6E-49C5-B877-CDDFDD2996B1}.Debug|Any CPU.Build.0 = Debug|Any CPU
		{24BDB6C5-5F6E-49C5-B877-CDDFDD2996B1}.Release|Any CPU.ActiveCfg = Release|Any CPU
		{24BDB6C5-5F6E-49C5-B877-CDDFDD2996B1}.Release|Any CPU.Build.0 = Release|Any CPU
		{AD2528DA-4659-4D24-AEA7-0243020149B1}.Debug|Any CPU.ActiveCfg = Debug|Any CPU
		{AD2528DA-4659-4D24-AEA7-0243020149B1}.Debug|Any CPU.Build.0 = Debug|Any CPU
		{AD2528DA-4659-4D24-AEA7-0243020149B1}.Release|Any CPU.ActiveCfg = Release|Any CPU
		{AD2528DA-4659-4D24-AEA7-0243020149B1}.Release|Any CPU.Build.0 = Release|Any CPU
	EndGlobalSection
	GlobalSection(SolutionProperties) = preSolution
		HideSolutionNode = FALSE
	EndGlobalSection
	GlobalSection(ExtensibilityGlobals) = postSolution
		SolutionGuid = {02B5C834-F40C-4F1F-89CB-DDFC6078A2F1}
	EndGlobalSection
EndGlobal
